{
  "name": "mui-ethiopian-datepicker",
  "version": "0.1.0",
  "lockfileVersion": 2,
  "requires": true,
  "packages": {
    "": {
      "name": "mui-ethiopian-datepicker",
      "version": "0.1.0",
      "license": "ISC",
      "devDependencies": {
        "@mui/icons-material": "^5.14.6",
        "@mui/material": "^5.14.6",
        "@mui/x-date-pickers": "^6.11.2",
        "date-fns": "^2.30.0",
        "react": "^18.2.0",
        "react-dom": "^18.2.0"
      },
      "peerDependencies": {
        "@mui/icons-material": "^5.11.16",
        "@mui/material": "^5.13.3",
        "@mui/x-date-pickers": "^6.7.0",
        "date-fns": "^2.30.0",
        "react": "^18.2.0",
        "react-dom": "^18.2.0"
      }
    },
    "node_modules/@babel/runtime": {
      "version": "7.22.11",
      "resolved": "https://registry.npmjs.org/@babel/runtime/-/runtime-7.22.11.tgz",
      "integrity": "sha512-ee7jVNlWN09+KftVOu9n7S8gQzD/Z6hN/I8VBRXW4P1+Xe7kJGXMwu8vds4aGIMHZnNbdpSWCfZZtinytpcAvA==",
      "dev": true,
      "dependencies": {
        "regenerator-runtime": "^0.14.0"
      },
      "engines": {
        "node": ">=6.9.0"
      }
    },
    "node_modules/@emotion/cache": {
      "version": "11.11.0",
      "resolved": "https://registry.npmjs.org/@emotion/cache/-/cache-11.11.0.tgz",
      "integrity": "sha512-P34z9ssTCBi3e9EI1ZsWpNHcfY1r09ZO0rZbRO2ob3ZQMnFI35jB536qoXbkdesr5EUhYi22anuEJuyxifaqAQ==",
      "dev": true,
      "dependencies": {
        "@emotion/memoize": "^0.8.1",
        "@emotion/sheet": "^1.2.2",
        "@emotion/utils": "^1.2.1",
        "@emotion/weak-memoize": "^0.3.1",
        "stylis": "4.2.0"
      }
    },
    "node_modules/@emotion/is-prop-valid": {
      "version": "1.2.1",
      "resolved": "https://registry.npmjs.org/@emotion/is-prop-valid/-/is-prop-valid-1.2.1.tgz",
      "integrity": "sha512-61Mf7Ufx4aDxx1xlDeOm8aFFigGHE4z+0sKCa+IHCeZKiyP9RLD0Mmx7m8b9/Cf37f7NAvQOOJAbQQGVr5uERw==",
      "dev": true,
      "dependencies": {
        "@emotion/memoize": "^0.8.1"
      }
    },
    "node_modules/@emotion/memoize": {
      "version": "0.8.1",
      "resolved": "https://registry.npmjs.org/@emotion/memoize/-/memoize-0.8.1.tgz",
      "integrity": "sha512-W2P2c/VRW1/1tLox0mVUalvnWXxavmv/Oum2aPsRcoDJuob75FC3Y8FbpfLwUegRcxINtGUMPq0tFCvYNTBXNA==",
      "dev": true
    },
    "node_modules/@emotion/sheet": {
      "version": "1.2.2",
      "resolved": "https://registry.npmjs.org/@emotion/sheet/-/sheet-1.2.2.tgz",
      "integrity": "sha512-0QBtGvaqtWi+nx6doRwDdBIzhNdZrXUppvTM4dtZZWEGTXL/XE/yJxLMGlDT1Gt+UHH5IX1n+jkXyytE/av7OA==",
      "dev": true
    },
    "node_modules/@emotion/utils": {
      "version": "1.2.1",
      "resolved": "https://registry.npmjs.org/@emotion/utils/-/utils-1.2.1.tgz",
      "integrity": "sha512-Y2tGf3I+XVnajdItskUCn6LX+VUDmP6lTL4fcqsXAv43dnlbZiuW4MWQW38rW/BVWSE7Q/7+XQocmpnRYILUmg==",
      "dev": true
    },
    "node_modules/@emotion/weak-memoize": {
      "version": "0.3.1",
      "resolved": "https://registry.npmjs.org/@emotion/weak-memoize/-/weak-memoize-0.3.1.tgz",
      "integrity": "sha512-EsBwpc7hBUJWAsNPBmJy4hxWx12v6bshQsldrVmjxJoc3isbxhOrF2IcCpaXxfvq03NwkI7sbsOLXbYuqF/8Ww==",
      "dev": true
    },
    "node_modules/@floating-ui/core": {
      "version": "1.4.1",
      "resolved": "https://registry.npmjs.org/@floating-ui/core/-/core-1.4.1.tgz",
      "integrity": "sha512-jk3WqquEJRlcyu7997NtR5PibI+y5bi+LS3hPmguVClypenMsCY3CBa3LAQnozRCtCrYWSEtAdiskpamuJRFOQ==",
      "dev": true,
      "dependencies": {
        "@floating-ui/utils": "^0.1.1"
      }
    },
    "node_modules/@floating-ui/dom": {
      "version": "1.5.1",
      "resolved": "https://registry.npmjs.org/@floating-ui/dom/-/dom-1.5.1.tgz",
      "integrity": "sha512-KwvVcPSXg6mQygvA1TjbN/gh///36kKtllIF8SUm0qpFj8+rvYrpvlYdL1JoA71SHpDqgSSdGOSoQ0Mp3uY5aw==",
      "dev": true,
      "dependencies": {
        "@floating-ui/core": "^1.4.1",
        "@floating-ui/utils": "^0.1.1"
      }
    },
    "node_modules/@floating-ui/react-dom": {
      "version": "2.0.1",
      "resolved": "https://registry.npmjs.org/@floating-ui/react-dom/-/react-dom-2.0.1.tgz",
      "integrity": "sha512-rZtAmSht4Lry6gdhAJDrCp/6rKN7++JnL1/Anbr/DdeyYXQPxvg/ivrbYvJulbRf4vL8b212suwMM2lxbv+RQA==",
      "dev": true,
      "dependencies": {
        "@floating-ui/dom": "^1.3.0"
      },
      "peerDependencies": {
        "react": ">=16.8.0",
        "react-dom": ">=16.8.0"
      }
    },
    "node_modules/@floating-ui/utils": {
      "version": "0.1.1",
      "resolved": "https://registry.npmjs.org/@floating-ui/utils/-/utils-0.1.1.tgz",
      "integrity": "sha512-m0G6wlnhm/AX0H12IOWtK8gASEMffnX08RtKkCgTdHb9JpHKGloI7icFfLg9ZmQeavcvR0PKmzxClyuFPSjKWw==",
      "dev": true
    },
    "node_modules/@mui/base": {
      "version": "5.0.0-beta.12",
      "resolved": "https://registry.npmjs.org/@mui/base/-/base-5.0.0-beta.12.tgz",
      "integrity": "sha512-tZjjXNAyUpwSDT1uRliZMhRQkWYzELJ8Qi61EuOMRpi36HIwnK2T7Nr4RI423Sv8G2EEikDAZj7je33eNd73NQ==",
      "dev": true,
      "dependencies": {
        "@babel/runtime": "^7.22.10",
        "@emotion/is-prop-valid": "^1.2.1",
        "@floating-ui/react-dom": "^2.0.1",
        "@mui/types": "^7.2.4",
        "@mui/utils": "^5.14.6",
        "@popperjs/core": "^2.11.8",
        "clsx": "^2.0.0",
        "prop-types": "^15.8.1",
        "react-is": "^18.2.0"
      },
      "engines": {
        "node": ">=12.0.0"
      },
      "funding": {
        "type": "opencollective",
        "url": "https://opencollective.com/mui"
      },
      "peerDependencies": {
        "@types/react": "^17.0.0 || ^18.0.0",
        "react": "^17.0.0 || ^18.0.0",
        "react-dom": "^17.0.0 || ^18.0.0"
      },
      "peerDependenciesMeta": {
        "@types/react": {
          "optional": true
        }
      }
    },
    "node_modules/@mui/core-downloads-tracker": {
      "version": "5.14.6",
      "resolved": "https://registry.npmjs.org/@mui/core-downloads-tracker/-/core-downloads-tracker-5.14.6.tgz",
      "integrity": "sha512-QZEU3pyGWLuaHbxvOlShol7U1FVgzWBR0OH9H8D7L8w4/vto5N5jJVvlqFQS3T0zbR6YGHxFaiL6Ky87jQg7aw==",
      "dev": true,
      "funding": {
        "type": "opencollective",
        "url": "https://opencollective.com/mui"
      }
    },
    "node_modules/@mui/icons-material": {
      "version": "5.14.6",
      "resolved": "https://registry.npmjs.org/@mui/icons-material/-/icons-material-5.14.6.tgz",
      "integrity": "sha512-7Cujy7lRGTj2T3SvY9C9ZOTFDtrXJogeNnRcU/ODyNoxwskMNPFOcc15F+98MAdJenBVLJPYu+vPP6DUvEpNrA==",
      "dev": true,
      "dependencies": {
        "@babel/runtime": "^7.22.10"
      },
      "engines": {
        "node": ">=12.0.0"
      },
      "funding": {
        "type": "opencollective",
        "url": "https://opencollective.com/mui"
      },
      "peerDependencies": {
        "@mui/material": "^5.0.0",
        "@types/react": "^17.0.0 || ^18.0.0",
        "react": "^17.0.0 || ^18.0.0"
      },
      "peerDependenciesMeta": {
        "@types/react": {
          "optional": true
        }
      }
    },
    "node_modules/@mui/material": {
      "version": "5.14.6",
      "resolved": "https://registry.npmjs.org/@mui/material/-/material-5.14.6.tgz",
      "integrity": "sha512-C3UgGrmtvcGkQkm0ONBU7bTdapTjQc2Se3b2354xMmU7lgSgW7VM6EP9wIH5XqqoJ60m9l/s9kbTWX0Y+EaWvA==",
      "dev": true,
      "dependencies": {
        "@babel/runtime": "^7.22.10",
        "@mui/base": "5.0.0-beta.12",
        "@mui/core-downloads-tracker": "^5.14.6",
        "@mui/system": "^5.14.6",
        "@mui/types": "^7.2.4",
        "@mui/utils": "^5.14.6",
        "@types/react-transition-group": "^4.4.6",
        "clsx": "^2.0.0",
        "csstype": "^3.1.2",
        "prop-types": "^15.8.1",
        "react-is": "^18.2.0",
        "react-transition-group": "^4.4.5"
      },
      "engines": {
        "node": ">=12.0.0"
      },
      "funding": {
        "type": "opencollective",
        "url": "https://opencollective.com/mui"
      },
      "peerDependencies": {
        "@emotion/react": "^11.5.0",
        "@emotion/styled": "^11.3.0",
        "@types/react": "^17.0.0 || ^18.0.0",
        "react": "^17.0.0 || ^18.0.0",
        "react-dom": "^17.0.0 || ^18.0.0"
      },
      "peerDependenciesMeta": {
        "@emotion/react": {
          "optional": true
        },
        "@emotion/styled": {
          "optional": true
        },
        "@types/react": {
          "optional": true
        }
      }
    },
    "node_modules/@mui/private-theming": {
      "version": "5.14.6",
      "resolved": "https://registry.npmjs.org/@mui/private-theming/-/private-theming-5.14.6.tgz",
      "integrity": "sha512-3VBLFGizBXfofyk33bwRg6t9L648aKnLmOKPfY1wFuiXq3AEYwobK65iDci/tHKxm/VKbZ6A7PFjLejvB3EvRQ==",
      "dev": true,
      "dependencies": {
        "@babel/runtime": "^7.22.10",
        "@mui/utils": "^5.14.6",
        "prop-types": "^15.8.1"
      },
      "engines": {
        "node": ">=12.0.0"
      },
      "funding": {
        "type": "opencollective",
        "url": "https://opencollective.com/mui"
      },
      "peerDependencies": {
        "@types/react": "^17.0.0 || ^18.0.0",
        "react": "^17.0.0 || ^18.0.0"
      },
      "peerDependenciesMeta": {
        "@types/react": {
          "optional": true
        }
      }
    },
    "node_modules/@mui/styled-engine": {
      "version": "5.14.6",
      "resolved": "https://registry.npmjs.org/@mui/styled-engine/-/styled-engine-5.14.6.tgz",
      "integrity": "sha512-I6zeu/OP1Hk4NsX1Oj85TiYl1dER0JMsLJVn76J1Ihl24A5EbiZQKJp3Mn+ufA79ypkdAvM9aQCAQyiVBFcUHg==",
      "dev": true,
      "dependencies": {
        "@babel/runtime": "^7.22.10",
        "@emotion/cache": "^11.11.0",
        "csstype": "^3.1.2",
        "prop-types": "^15.8.1"
      },
      "engines": {
        "node": ">=12.0.0"
      },
      "funding": {
        "type": "opencollective",
        "url": "https://opencollective.com/mui"
      },
      "peerDependencies": {
        "@emotion/react": "^11.4.1",
        "@emotion/styled": "^11.3.0",
        "react": "^17.0.0 || ^18.0.0"
      },
      "peerDependenciesMeta": {
        "@emotion/react": {
          "optional": true
        },
        "@emotion/styled": {
          "optional": true
        }
      }
    },
    "node_modules/@mui/system": {
      "version": "5.14.6",
      "resolved": "https://registry.npmjs.org/@mui/system/-/system-5.14.6.tgz",
      "integrity": "sha512-/n0ae1MegWjiV1BpRU8jgg4E0zBjeB2VYsT/68ag/xaDuq3/TaDKJeT9REIvyBvwlG3CI3S2O+tRELktxCD1kg==",
      "dev": true,
      "dependencies": {
        "@babel/runtime": "^7.22.10",
        "@mui/private-theming": "^5.14.6",
        "@mui/styled-engine": "^5.14.6",
        "@mui/types": "^7.2.4",
        "@mui/utils": "^5.14.6",
        "clsx": "^2.0.0",
        "csstype": "^3.1.2",
        "prop-types": "^15.8.1"
      },
      "engines": {
        "node": ">=12.0.0"
      },
      "funding": {
        "type": "opencollective",
        "url": "https://opencollective.com/mui"
      },
      "peerDependencies": {
        "@emotion/react": "^11.5.0",
        "@emotion/styled": "^11.3.0",
        "@types/react": "^17.0.0 || ^18.0.0",
        "react": "^17.0.0 || ^18.0.0"
      },
      "peerDependenciesMeta": {
        "@emotion/react": {
          "optional": true
        },
        "@emotion/styled": {
          "optional": true
        },
        "@types/react": {
          "optional": true
        }
      }
    },
    "node_modules/@mui/types": {
      "version": "7.2.4",
      "resolved": "https://registry.npmjs.org/@mui/types/-/types-7.2.4.tgz",
      "integrity": "sha512-LBcwa8rN84bKF+f5sDyku42w1NTxaPgPyYKODsh01U1fVstTClbUoSA96oyRBnSNyEiAVjKm6Gwx9vjR+xyqHA==",
      "dev": true,
      "peerDependencies": {
        "@types/react": "*"
      },
      "peerDependenciesMeta": {
        "@types/react": {
          "optional": true
        }
      }
    },
    "node_modules/@mui/utils": {
      "version": "5.14.6",
      "resolved": "https://registry.npmjs.org/@mui/utils/-/utils-5.14.6.tgz",
      "integrity": "sha512-AznpqLu6hrFnpHgcvsSSMCG+cDbkcCYfo+daUwBVReNYv4l+NQ8+wvBAF4aUMi155N7xWbbgh0cyKs6Wdsm3aA==",
      "dev": true,
      "dependencies": {
        "@babel/runtime": "^7.22.10",
        "@types/prop-types": "^15.7.5",
        "@types/react-is": "^18.2.1",
        "prop-types": "^15.8.1",
        "react-is": "^18.2.0"
      },
      "engines": {
        "node": ">=12.0.0"
      },
      "funding": {
        "type": "opencollective",
        "url": "https://opencollective.com/mui"
      },
      "peerDependencies": {
        "react": "^17.0.0 || ^18.0.0"
      }
    },
    "node_modules/@mui/x-date-pickers": {
      "version": "6.11.2",
      "resolved": "https://registry.npmjs.org/@mui/x-date-pickers/-/x-date-pickers-6.11.2.tgz",
      "integrity": "sha512-AOmXtnnAhjlku03oqRMOG1oJkxazBTz06A6a0iRz+1sUyBWbqz5kKH9eYUYQC4Tv3j2EciRpwyns5xwX3wpc1A==",
      "dev": true,
      "dependencies": {
        "@babel/runtime": "^7.22.6",
        "@mui/utils": "^5.14.5",
        "@types/react-transition-group": "^4.4.6",
        "clsx": "^2.0.0",
        "prop-types": "^15.8.1",
        "react-transition-group": "^4.4.5"
      },
      "engines": {
        "node": ">=14.0.0"
      },
      "funding": {
        "type": "opencollective",
        "url": "https://opencollective.com/mui"
      },
      "peerDependencies": {
        "@emotion/react": "^11.9.0",
        "@emotion/styled": "^11.8.1",
        "@mui/base": "^5.0.0-alpha.87",
        "@mui/material": "^5.8.6",
        "@mui/system": "^5.8.0",
        "date-fns": "^2.25.0",
        "date-fns-jalali": "^2.13.0-0",
        "dayjs": "^1.10.7",
        "luxon": "^3.0.2",
        "moment": "^2.29.4",
        "moment-hijri": "^2.1.2",
        "moment-jalaali": "^0.7.4 || ^0.8.0 || ^0.9.0 || ^0.10.0",
        "react": "^17.0.0 || ^18.0.0",
        "react-dom": "^17.0.0 || ^18.0.0"
      },
      "peerDependenciesMeta": {
        "@emotion/react": {
          "optional": true
        },
        "@emotion/styled": {
          "optional": true
        },
        "date-fns": {
          "optional": true
        },
        "date-fns-jalali": {
          "optional": true
        },
        "dayjs": {
          "optional": true
        },
        "luxon": {
          "optional": true
        },
        "moment": {
          "optional": true
        },
        "moment-hijri": {
          "optional": true
        },
        "moment-jalaali": {
          "optional": true
        }
      }
    },
    "node_modules/@popperjs/core": {
      "version": "2.11.8",
      "resolved": "https://registry.npmjs.org/@popperjs/core/-/core-2.11.8.tgz",
      "integrity": "sha512-P1st0aksCrn9sGZhp8GMYwBnQsbvAWsZAX44oXNNvLHGqAOcoVxmjZiohstwQ7SqKnbR47akdNi+uleWD8+g6A==",
      "dev": true,
      "funding": {
        "type": "opencollective",
        "url": "https://opencollective.com/popperjs"
      }
    },
    "node_modules/@types/prop-types": {
      "version": "15.7.5",
      "resolved": "https://registry.npmjs.org/@types/prop-types/-/prop-types-15.7.5.tgz",
      "integrity": "sha512-JCB8C6SnDoQf0cNycqd/35A7MjcnK+ZTqE7judS6o7utxUCg6imJg3QK2qzHKszlTjcj2cn+NwMB2i96ubpj7w==",
      "dev": true
    },
    "node_modules/@types/react": {
      "version": "18.2.21",
      "resolved": "https://registry.npmjs.org/@types/react/-/react-18.2.21.tgz",
      "integrity": "sha512-neFKG/sBAwGxHgXiIxnbm3/AAVQ/cMRS93hvBpg8xYRbeQSPVABp9U2bRnPf0iI4+Ucdv3plSxKK+3CW2ENJxA==",
      "dev": true,
      "dependencies": {
        "@types/prop-types": "*",
        "@types/scheduler": "*",
        "csstype": "^3.0.2"
      }
    },
    "node_modules/@types/react-is": {
      "version": "18.2.1",
      "resolved": "https://registry.npmjs.org/@types/react-is/-/react-is-18.2.1.tgz",
      "integrity": "sha512-wyUkmaaSZEzFZivD8F2ftSyAfk6L+DfFliVj/mYdOXbVjRcS87fQJLTnhk6dRZPuJjI+9g6RZJO4PNCngUrmyw==",
      "dev": true,
      "dependencies": {
        "@types/react": "*"
      }
    },
    "node_modules/@types/react-transition-group": {
      "version": "4.4.6",
      "resolved": "https://registry.npmjs.org/@types/react-transition-group/-/react-transition-group-4.4.6.tgz",
      "integrity": "sha512-VnCdSxfcm08KjsJVQcfBmhEQAPnLB8G08hAxn39azX1qYBQ/5RVQuoHuKIcfKOdncuaUvEpFKFzEvbtIMsfVew==",
      "dev": true,
      "dependencies": {
        "@types/react": "*"
      }
    },
    "node_modules/@types/scheduler": {
      "version": "0.16.3",
      "resolved": "https://registry.npmjs.org/@types/scheduler/-/scheduler-0.16.3.tgz",
      "integrity": "sha512-5cJ8CB4yAx7BH1oMvdU0Jh9lrEXyPkar6F9G/ERswkCuvP4KQZfZkSjcMbAICCpQTN4OuZn8tz0HiKv9TGZgrQ==",
      "dev": true
    },
    "node_modules/clsx": {
      "version": "2.0.0",
      "resolved": "https://registry.npmjs.org/clsx/-/clsx-2.0.0.tgz",
      "integrity": "sha512-rQ1+kcj+ttHG0MKVGBUXwayCCF1oh39BF5COIpRzuCEv8Mwjv0XucrI2ExNTOn9IlLifGClWQcU9BrZORvtw6Q==",
      "dev": true,
      "engines": {
        "node": ">=6"
      }
    },
    "node_modules/csstype": {
      "version": "3.1.2",
      "resolved": "https://registry.npmjs.org/csstype/-/csstype-3.1.2.tgz",
      "integrity": "sha512-I7K1Uu0MBPzaFKg4nI5Q7Vs2t+3gWWW648spaF+Rg7pI9ds18Ugn+lvg4SHczUdKlHI5LWBXyqfS8+DufyBsgQ==",
      "dev": true
    },
    "node_modules/date-fns": {
      "version": "2.30.0",
      "resolved": "https://registry.npmjs.org/date-fns/-/date-fns-2.30.0.tgz",
      "integrity": "sha512-fnULvOpxnC5/Vg3NCiWelDsLiUc9bRwAPs/+LfTLNvetFCtCTN+yQz15C/fs4AwX1R9K5GLtLfn8QW+dWisaAw==",
      "dev": true,
      "dependencies": {
        "@babel/runtime": "^7.21.0"
      },
      "engines": {
        "node": ">=0.11"
      },
      "funding": {
        "type": "opencollective",
        "url": "https://opencollective.com/date-fns"
      }
    },
    "node_modules/dom-helpers": {
      "version": "5.2.1",
      "resolved": "https://registry.npmjs.org/dom-helpers/-/dom-helpers-5.2.1.tgz",
      "integrity": "sha512-nRCa7CK3VTrM2NmGkIy4cbK7IZlgBE/PYMn55rrXefr5xXDP0LdtfPnblFDoVdcAfslJ7or6iqAUnx0CCGIWQA==",
      "dev": true,
      "dependencies": {
        "@babel/runtime": "^7.8.7",
        "csstype": "^3.0.2"
      }
    },
    "node_modules/js-tokens": {
      "version": "4.0.0",
      "resolved": "https://registry.npmjs.org/js-tokens/-/js-tokens-4.0.0.tgz",
      "integrity": "sha512-RdJUflcE3cUzKiMqQgsCu06FPu9UdIJO0beYbPhHN4k6apgJtifcoCtT9bcxOpYBtpD2kCM6Sbzg4CausW/PKQ==",
      "dev": true
    },
    "node_modules/loose-envify": {
      "version": "1.4.0",
      "resolved": "https://registry.npmjs.org/loose-envify/-/loose-envify-1.4.0.tgz",
      "integrity": "sha512-lyuxPGr/Wfhrlem2CL/UcnUc1zcqKAImBDzukY7Y5F/yQiNdko6+fRLevlw1HgMySw7f611UIY408EtxRSoK3Q==",
      "dev": true,
      "dependencies": {
        "js-tokens": "^3.0.0 || ^4.0.0"
      },
      "bin": {
        "loose-envify": "cli.js"
      }
    },
    "node_modules/object-assign": {
      "version": "4.1.1",
      "resolved": "https://registry.npmjs.org/object-assign/-/object-assign-4.1.1.tgz",
      "integrity": "sha512-rJgTQnkUnH1sFw8yT6VSU3zD3sWmu6sZhIseY8VX+GRu3P6F7Fu+JNDoXfklElbLJSnc3FUQHVe4cU5hj+BcUg==",
      "dev": true,
      "engines": {
        "node": ">=0.10.0"
      }
    },
    "node_modules/prop-types": {
      "version": "15.8.1",
      "resolved": "https://registry.npmjs.org/prop-types/-/prop-types-15.8.1.tgz",
      "integrity": "sha512-oj87CgZICdulUohogVAR7AjlC0327U4el4L6eAvOqCeudMDVU0NThNaV+b9Df4dXgSP1gXMTnPdhfe/2qDH5cg==",
      "dev": true,
      "dependencies": {
        "loose-envify": "^1.4.0",
        "object-assign": "^4.1.1",
        "react-is": "^16.13.1"
      }
    },
    "node_modules/prop-types/node_modules/react-is": {
      "version": "16.13.1",
      "resolved": "https://registry.npmjs.org/react-is/-/react-is-16.13.1.tgz",
      "integrity": "sha512-24e6ynE2H+OKt4kqsOvNd8kBpV65zoxbA4BVsEOB3ARVWQki/DHzaUoC5KuON/BiccDaCCTZBuOcfZs70kR8bQ==",
      "dev": true
    },
    "node_modules/react": {
      "version": "18.2.0",
      "resolved": "https://registry.npmjs.org/react/-/react-18.2.0.tgz",
      "integrity": "sha512-/3IjMdb2L9QbBdWiW5e3P2/npwMBaU9mHCSCUzNln0ZCYbcfTsGbTJrU/kGemdH2IWmB2ioZ+zkxtmq6g09fGQ==",
      "dev": true,
      "dependencies": {
        "loose-envify": "^1.1.0"
      },
      "engines": {
        "node": ">=0.10.0"
      }
    },
    "node_modules/react-dom": {
      "version": "18.2.0",
      "resolved": "https://registry.npmjs.org/react-dom/-/react-dom-18.2.0.tgz",
      "integrity": "sha512-6IMTriUmvsjHUjNtEDudZfuDQUoWXVxKHhlEGSk81n4YFS+r/Kl99wXiwlVXtPBtJenozv2P+hxDsw9eA7Xo6g==",
      "dev": true,
      "dependencies": {
        "loose-envify": "^1.1.0",
        "scheduler": "^0.23.0"
      },
      "peerDependencies": {
        "react": "^18.2.0"
      }
    },
    "node_modules/react-is": {
      "version": "18.2.0",
      "resolved": "https://registry.npmjs.org/react-is/-/react-is-18.2.0.tgz",
      "integrity": "sha512-xWGDIW6x921xtzPkhiULtthJHoJvBbF3q26fzloPCK0hsvxtPVelvftw3zjbHWSkR2km9Z+4uxbDDK/6Zw9B8w==",
      "dev": true
    },
    "node_modules/react-transition-group": {
      "version": "4.4.5",
      "resolved": "https://registry.npmjs.org/react-transition-group/-/react-transition-group-4.4.5.tgz",
      "integrity": "sha512-pZcd1MCJoiKiBR2NRxeCRg13uCXbydPnmB4EOeRrY7480qNWO8IIgQG6zlDkm6uRMsURXPuKq0GWtiM59a5Q6g==",
      "dev": true,
      "dependencies": {
        "@babel/runtime": "^7.5.5",
        "dom-helpers": "^5.0.1",
        "loose-envify": "^1.4.0",
        "prop-types": "^15.6.2"
      },
      "peerDependencies": {
        "react": ">=16.6.0",
        "react-dom": ">=16.6.0"
      }
    },
    "node_modules/regenerator-runtime": {
      "version": "0.14.0",
      "resolved": "https://registry.npmjs.org/regenerator-runtime/-/regenerator-runtime-0.14.0.tgz",
      "integrity": "sha512-srw17NI0TUWHuGa5CFGGmhfNIeja30WMBfbslPNhf6JrqQlLN5gcrvig1oqPxiVaXb0oW0XRKtH6Nngs5lKCIA==",
      "dev": true
    },
    "node_modules/scheduler": {
      "version": "0.23.0",
      "resolved": "https://registry.npmjs.org/scheduler/-/scheduler-0.23.0.tgz",
      "integrity": "sha512-CtuThmgHNg7zIZWAXi3AsyIzA3n4xx7aNyjwC2VJldO2LMVDhFK+63xGqq6CsJH4rTAt6/M+N4GhZiDYPx9eUw==",
      "dev": true,
      "dependencies": {
        "loose-envify": "^1.1.0"
      }
    },
    "node_modules/stylis": {
      "version": "4.2.0",
      "resolved": "https://registry.npmjs.org/stylis/-/stylis-4.2.0.tgz",
      "integrity": "sha512-Orov6g6BB1sDfYgzWfTHDOxamtX1bE/zo104Dh9e6fqJ3PooipYyfJ0pUmrZO2wAvO8YbEyeFrkV91XTsGMSrw==",
      "dev": true
    }
  },
  "dependencies": {
    "@babel/runtime": {
      "version": "7.22.11",
      "resolved": "https://registry.npmjs.org/@babel/runtime/-/runtime-7.22.11.tgz",
      "integrity": "sha512-ee7jVNlWN09+KftVOu9n7S8gQzD/Z6hN/I8VBRXW4P1+Xe7kJGXMwu8vds4aGIMHZnNbdpSWCfZZtinytpcAvA==",
      "dev": true,
      "requires": {
        "regenerator-runtime": "^0.14.0"
      }
    },
    "@emotion/cache": {
      "version": "11.11.0",
      "resolved": "https://registry.npmjs.org/@emotion/cache/-/cache-11.11.0.tgz",
      "integrity": "sha512-P34z9ssTCBi3e9EI1ZsWpNHcfY1r09ZO0rZbRO2ob3ZQMnFI35jB536qoXbkdesr5EUhYi22anuEJuyxifaqAQ==",
      "dev": true,
      "requires": {
        "@emotion/memoize": "^0.8.1",
        "@emotion/sheet": "^1.2.2",
        "@emotion/utils": "^1.2.1",
        "@emotion/weak-memoize": "^0.3.1",
        "stylis": "4.2.0"
      }
    },
    "@emotion/is-prop-valid": {
      "version": "1.2.1",
      "resolved": "https://registry.npmjs.org/@emotion/is-prop-valid/-/is-prop-valid-1.2.1.tgz",
      "integrity": "sha512-61Mf7Ufx4aDxx1xlDeOm8aFFigGHE4z+0sKCa+IHCeZKiyP9RLD0Mmx7m8b9/Cf37f7NAvQOOJAbQQGVr5uERw==",
      "dev": true,
      "requires": {
        "@emotion/memoize": "^0.8.1"
      }
    },
    "@emotion/memoize": {
      "version": "0.8.1",
      "resolved": "https://registry.npmjs.org/@emotion/memoize/-/memoize-0.8.1.tgz",
      "integrity": "sha512-W2P2c/VRW1/1tLox0mVUalvnWXxavmv/Oum2aPsRcoDJuob75FC3Y8FbpfLwUegRcxINtGUMPq0tFCvYNTBXNA==",
      "dev": true
    },
    "@emotion/sheet": {
      "version": "1.2.2",
      "resolved": "https://registry.npmjs.org/@emotion/sheet/-/sheet-1.2.2.tgz",
      "integrity": "sha512-0QBtGvaqtWi+nx6doRwDdBIzhNdZrXUppvTM4dtZZWEGTXL/XE/yJxLMGlDT1Gt+UHH5IX1n+jkXyytE/av7OA==",
      "dev": true
    },
    "@emotion/utils": {
      "version": "1.2.1",
      "resolved": "https://registry.npmjs.org/@emotion/utils/-/utils-1.2.1.tgz",
      "integrity": "sha512-Y2tGf3I+XVnajdItskUCn6LX+VUDmP6lTL4fcqsXAv43dnlbZiuW4MWQW38rW/BVWSE7Q/7+XQocmpnRYILUmg==",
      "dev": true
    },
    "@emotion/weak-memoize": {
      "version": "0.3.1",
      "resolved": "https://registry.npmjs.org/@emotion/weak-memoize/-/weak-memoize-0.3.1.tgz",
      "integrity": "sha512-EsBwpc7hBUJWAsNPBmJy4hxWx12v6bshQsldrVmjxJoc3isbxhOrF2IcCpaXxfvq03NwkI7sbsOLXbYuqF/8Ww==",
      "dev": true
    },
    "@floating-ui/core": {
      "version": "1.4.1",
      "resolved": "https://registry.npmjs.org/@floating-ui/core/-/core-1.4.1.tgz",
      "integrity": "sha512-jk3WqquEJRlcyu7997NtR5PibI+y5bi+LS3hPmguVClypenMsCY3CBa3LAQnozRCtCrYWSEtAdiskpamuJRFOQ==",
      "dev": true,
      "requires": {
        "@floating-ui/utils": "^0.1.1"
      }
    },
    "@floating-ui/dom": {
      "version": "1.5.1",
      "resolved": "https://registry.npmjs.org/@floating-ui/dom/-/dom-1.5.1.tgz",
      "integrity": "sha512-KwvVcPSXg6mQygvA1TjbN/gh///36kKtllIF8SUm0qpFj8+rvYrpvlYdL1JoA71SHpDqgSSdGOSoQ0Mp3uY5aw==",
      "dev": true,
      "requires": {
        "@floating-ui/core": "^1.4.1",
        "@floating-ui/utils": "^0.1.1"
      }
    },
    "@floating-ui/react-dom": {
      "version": "2.0.1",
      "resolved": "https://registry.npmjs.org/@floating-ui/react-dom/-/react-dom-2.0.1.tgz",
      "integrity": "sha512-rZtAmSht4Lry6gdhAJDrCp/6rKN7++JnL1/Anbr/DdeyYXQPxvg/ivrbYvJulbRf4vL8b212suwMM2lxbv+RQA==",
      "dev": true,
      "requires": {
        "@floating-ui/dom": "^1.3.0"
      }
    },
    "@floating-ui/utils": {
      "version": "0.1.1",
      "resolved": "https://registry.npmjs.org/@floating-ui/utils/-/utils-0.1.1.tgz",
      "integrity": "sha512-m0G6wlnhm/AX0H12IOWtK8gASEMffnX08RtKkCgTdHb9JpHKGloI7icFfLg9ZmQeavcvR0PKmzxClyuFPSjKWw==",
      "dev": true
    },
    "@mui/base": {
      "version": "5.0.0-beta.12",
      "resolved": "https://registry.npmjs.org/@mui/base/-/base-5.0.0-beta.12.tgz",
      "integrity": "sha512-tZjjXNAyUpwSDT1uRliZMhRQkWYzELJ8Qi61EuOMRpi36HIwnK2T7Nr4RI423Sv8G2EEikDAZj7je33eNd73NQ==",
      "dev": true,
      "requires": {
        "@babel/runtime": "^7.22.10",
        "@emotion/is-prop-valid": "^1.2.1",
        "@floating-ui/react-dom": "^2.0.1",
        "@mui/types": "^7.2.4",
        "@mui/utils": "^5.14.6",
        "@popperjs/core": "^2.11.8",
        "clsx": "^2.0.0",
        "prop-types": "^15.8.1",
        "react-is": "^18.2.0"
      }
    },
    "@mui/core-downloads-tracker": {
      "version": "5.14.6",
      "resolved": "https://registry.npmjs.org/@mui/core-downloads-tracker/-/core-downloads-tracker-5.14.6.tgz",
      "integrity": "sha512-QZEU3pyGWLuaHbxvOlShol7U1FVgzWBR0OH9H8D7L8w4/vto5N5jJVvlqFQS3T0zbR6YGHxFaiL6Ky87jQg7aw==",
      "dev": true
    },
    "@mui/icons-material": {
      "version": "5.14.6",
      "resolved": "https://registry.npmjs.org/@mui/icons-material/-/icons-material-5.14.6.tgz",
      "integrity": "sha512-7Cujy7lRGTj2T3SvY9C9ZOTFDtrXJogeNnRcU/ODyNoxwskMNPFOcc15F+98MAdJenBVLJPYu+vPP6DUvEpNrA==",
      "dev": true,
      "requires": {
        "@babel/runtime": "^7.22.10"
      }
    },
    "@mui/material": {
      "version": "5.14.6",
      "resolved": "https://registry.npmjs.org/@mui/material/-/material-5.14.6.tgz",
      "integrity": "sha512-C3UgGrmtvcGkQkm0ONBU7bTdapTjQc2Se3b2354xMmU7lgSgW7VM6EP9wIH5XqqoJ60m9l/s9kbTWX0Y+EaWvA==",
      "dev": true,
      "requires": {
        "@babel/runtime": "^7.22.10",
        "@mui/base": "5.0.0-beta.12",
        "@mui/core-downloads-tracker": "^5.14.6",
        "@mui/system": "^5.14.6",
        "@mui/types": "^7.2.4",
        "@mui/utils": "^5.14.6",
        "@types/react-transition-group": "^4.4.6",
        "clsx": "^2.0.0",
        "csstype": "^3.1.2",
        "prop-types": "^15.8.1",
        "react-is": "^18.2.0",
        "react-transition-group": "^4.4.5"
      }
    },
    "@mui/private-theming": {
      "version": "5.14.6",
      "resolved": "https://registry.npmjs.org/@mui/private-theming/-/private-theming-5.14.6.tgz",
      "integrity": "sha512-3VBLFGizBXfofyk33bwRg6t9L648aKnLmOKPfY1wFuiXq3AEYwobK65iDci/tHKxm/VKbZ6A7PFjLejvB3EvRQ==",
      "dev": true,
      "requires": {
        "@babel/runtime": "^7.22.10",
        "@mui/utils": "^5.14.6",
        "prop-types": "^15.8.1"
      }
    },
    "@mui/styled-engine": {
      "version": "5.14.6",
      "resolved": "https://registry.npmjs.org/@mui/styled-engine/-/styled-engine-5.14.6.tgz",
      "integrity": "sha512-I6zeu/OP1Hk4NsX1Oj85TiYl1dER0JMsLJVn76J1Ihl24A5EbiZQKJp3Mn+ufA79ypkdAvM9aQCAQyiVBFcUHg==",
      "dev": true,
      "requires": {
        "@babel/runtime": "^7.22.10",
        "@emotion/cache": "^11.11.0",
        "csstype": "^3.1.2",
        "prop-types": "^15.8.1"
      }
    },
    "@mui/system": {
      "version": "5.14.6",
      "resolved": "https://registry.npmjs.org/@mui/system/-/system-5.14.6.tgz",
      "integrity": "sha512-/n0ae1MegWjiV1BpRU8jgg4E0zBjeB2VYsT/68ag/xaDuq3/TaDKJeT9REIvyBvwlG3CI3S2O+tRELktxCD1kg==",
      "dev": true,
      "requires": {
        "@babel/runtime": "^7.22.10",
        "@mui/private-theming": "^5.14.6",
        "@mui/styled-engine": "^5.14.6",
        "@mui/types": "^7.2.4",
        "@mui/utils": "^5.14.6",
        "clsx": "^2.0.0",
        "csstype": "^3.1.2",
        "prop-types": "^15.8.1"
      }
    },
    "@mui/types": {
      "version": "7.2.4",
      "resolved": "https://registry.npmjs.org/@mui/types/-/types-7.2.4.tgz",
      "integrity": "sha512-LBcwa8rN84bKF+f5sDyku42w1NTxaPgPyYKODsh01U1fVstTClbUoSA96oyRBnSNyEiAVjKm6Gwx9vjR+xyqHA==",
      "dev": true,
      "requires": {}
    },
    "@mui/utils": {
      "version": "5.14.6",
      "resolved": "https://registry.npmjs.org/@mui/utils/-/utils-5.14.6.tgz",
      "integrity": "sha512-AznpqLu6hrFnpHgcvsSSMCG+cDbkcCYfo+daUwBVReNYv4l+NQ8+wvBAF4aUMi155N7xWbbgh0cyKs6Wdsm3aA==",
      "dev": true,
      "requires": {
        "@babel/runtime": "^7.22.10",
        "@types/prop-types": "^15.7.5",
        "@types/react-is": "^18.2.1",
        "prop-types": "^15.8.1",
        "react-is": "^18.2.0"
      }
    },
    "@mui/x-date-pickers": {
      "version": "6.11.2",
      "resolved": "https://registry.npmjs.org/@mui/x-date-pickers/-/x-date-pickers-6.11.2.tgz",
      "integrity": "sha512-AOmXtnnAhjlku03oqRMOG1oJkxazBTz06A6a0iRz+1sUyBWbqz5kKH9eYUYQC4Tv3j2EciRpwyns5xwX3wpc1A==",
      "dev": true,
      "requires": {
        "@babel/runtime": "^7.22.6",
        "@mui/utils": "^5.14.5",
        "@types/react-transition-group": "^4.4.6",
        "clsx": "^2.0.0",
        "prop-types": "^15.8.1",
        "react-transition-group": "^4.4.5"
      }
    },
    "@popperjs/core": {
      "version": "2.11.8",
      "resolved": "https://registry.npmjs.org/@popperjs/core/-/core-2.11.8.tgz",
      "integrity": "sha512-P1st0aksCrn9sGZhp8GMYwBnQsbvAWsZAX44oXNNvLHGqAOcoVxmjZiohstwQ7SqKnbR47akdNi+uleWD8+g6A==",
      "dev": true
    },
    "@types/prop-types": {
      "version": "15.7.5",
      "resolved": "https://registry.npmjs.org/@types/prop-types/-/prop-types-15.7.5.tgz",
      "integrity": "sha512-JCB8C6SnDoQf0cNycqd/35A7MjcnK+ZTqE7judS6o7utxUCg6imJg3QK2qzHKszlTjcj2cn+NwMB2i96ubpj7w==",
      "dev": true
    },
    "@types/react": {
      "version": "18.2.21",
      "resolved": "https://registry.npmjs.org/@types/react/-/react-18.2.21.tgz",
      "integrity": "sha512-neFKG/sBAwGxHgXiIxnbm3/AAVQ/cMRS93hvBpg8xYRbeQSPVABp9U2bRnPf0iI4+Ucdv3plSxKK+3CW2ENJxA==",
      "dev": true,
      "requires": {
        "@types/prop-types": "*",
        "@types/scheduler": "*",
        "csstype": "^3.0.2"
      }
    },
    "@types/react-is": {
      "version": "18.2.1",
      "resolved": "https://registry.npmjs.org/@types/react-is/-/react-is-18.2.1.tgz",
      "integrity": "sha512-wyUkmaaSZEzFZivD8F2ftSyAfk6L+DfFliVj/mYdOXbVjRcS87fQJLTnhk6dRZPuJjI+9g6RZJO4PNCngUrmyw==",
      "dev": true,
      "requires": {
        "@types/react": "*"
      }
    },
    "@types/react-transition-group": {
      "version": "4.4.6",
      "resolved": "https://registry.npmjs.org/@types/react-transition-group/-/react-transition-group-4.4.6.tgz",
      "integrity": "sha512-VnCdSxfcm08KjsJVQcfBmhEQAPnLB8G08hAxn39azX1qYBQ/5RVQuoHuKIcfKOdncuaUvEpFKFzEvbtIMsfVew==",
      "dev": true,
      "requires": {
        "@types/react": "*"
      }
    },
    "@types/scheduler": {
      "version": "0.16.3",
      "resolved": "https://registry.npmjs.org/@types/scheduler/-/scheduler-0.16.3.tgz",
      "integrity": "sha512-5cJ8CB4yAx7BH1oMvdU0Jh9lrEXyPkar6F9G/ERswkCuvP4KQZfZkSjcMbAICCpQTN4OuZn8tz0HiKv9TGZgrQ==",
      "dev": true
    },
    "clsx": {
      "version": "2.0.0",
      "resolved": "https://registry.npmjs.org/clsx/-/clsx-2.0.0.tgz",
      "integrity": "sha512-rQ1+kcj+ttHG0MKVGBUXwayCCF1oh39BF5COIpRzuCEv8Mwjv0XucrI2ExNTOn9IlLifGClWQcU9BrZORvtw6Q==",
      "dev": true
    },
    "csstype": {
      "version": "3.1.2",
      "resolved": "https://registry.npmjs.org/csstype/-/csstype-3.1.2.tgz",
      "integrity": "sha512-I7K1Uu0MBPzaFKg4nI5Q7Vs2t+3gWWW648spaF+Rg7pI9ds18Ugn+lvg4SHczUdKlHI5LWBXyqfS8+DufyBsgQ==",
      "dev": true
    },
    "date-fns": {
      "version": "2.30.0",
      "resolved": "https://registry.npmjs.org/date-fns/-/date-fns-2.30.0.tgz",
      "integrity": "sha512-fnULvOpxnC5/Vg3NCiWelDsLiUc9bRwAPs/+LfTLNvetFCtCTN+yQz15C/fs4AwX1R9K5GLtLfn8QW+dWisaAw==",
      "dev": true,
      "requires": {
        "@babel/runtime": "^7.21.0"
      }
    },
    "dom-helpers": {
      "version": "5.2.1",
      "resolved": "https://registry.npmjs.org/dom-helpers/-/dom-helpers-5.2.1.tgz",
      "integrity": "sha512-nRCa7CK3VTrM2NmGkIy4cbK7IZlgBE/PYMn55rrXefr5xXDP0LdtfPnblFDoVdcAfslJ7or6iqAUnx0CCGIWQA==",
      "dev": true,
      "requires": {
        "@babel/runtime": "^7.8.7",
        "csstype": "^3.0.2"
      }
    },
    "js-tokens": {
      "version": "4.0.0",
      "resolved": "https://registry.npmjs.org/js-tokens/-/js-tokens-4.0.0.tgz",
      "integrity": "sha512-RdJUflcE3cUzKiMqQgsCu06FPu9UdIJO0beYbPhHN4k6apgJtifcoCtT9bcxOpYBtpD2kCM6Sbzg4CausW/PKQ==",
      "dev": true
    },
    "loose-envify": {
      "version": "1.4.0",
      "resolved": "https://registry.npmjs.org/loose-envify/-/loose-envify-1.4.0.tgz",
      "integrity": "sha512-lyuxPGr/Wfhrlem2CL/UcnUc1zcqKAImBDzukY7Y5F/yQiNdko6+fRLevlw1HgMySw7f611UIY408EtxRSoK3Q==",
      "dev": true,
      "requires": {
        "js-tokens": "^3.0.0 || ^4.0.0"
      }
    },
    "object-assign": {
      "version": "4.1.1",
      "resolved": "https://registry.npmjs.org/object-assign/-/object-assign-4.1.1.tgz",
      "integrity": "sha512-rJgTQnkUnH1sFw8yT6VSU3zD3sWmu6sZhIseY8VX+GRu3P6F7Fu+JNDoXfklElbLJSnc3FUQHVe4cU5hj+BcUg==",
      "dev": true
    },
    "prop-types": {
      "version": "15.8.1",
      "resolved": "https://registry.npmjs.org/prop-types/-/prop-types-15.8.1.tgz",
      "integrity": "sha512-oj87CgZICdulUohogVAR7AjlC0327U4el4L6eAvOqCeudMDVU0NThNaV+b9Df4dXgSP1gXMTnPdhfe/2qDH5cg==",
      "dev": true,
      "requires": {
        "loose-envify": "^1.4.0",
        "object-assign": "^4.1.1",
        "react-is": "^16.13.1"
      },
      "dependencies": {
        "react-is": {
          "version": "16.13.1",
          "resolved": "https://registry.npmjs.org/react-is/-/react-is-16.13.1.tgz",
          "integrity": "sha512-24e6ynE2H+OKt4kqsOvNd8kBpV65zoxbA4BVsEOB3ARVWQki/DHzaUoC5KuON/BiccDaCCTZBuOcfZs70kR8bQ==",
          "dev": true
        }
      }
    },
    "react": {
      "version": "18.2.0",
      "resolved": "https://registry.npmjs.org/react/-/react-18.2.0.tgz",
      "integrity": "sha512-/3IjMdb2L9QbBdWiW5e3P2/npwMBaU9mHCSCUzNln0ZCYbcfTsGbTJrU/kGemdH2IWmB2ioZ+zkxtmq6g09fGQ==",
      "dev": true,
      "requires": {
        "loose-envify": "^1.1.0"
      }
    },
    "react-dom": {
      "version": "18.2.0",
      "resolved": "https://registry.npmjs.org/react-dom/-/react-dom-18.2.0.tgz",
      "integrity": "sha512-6IMTriUmvsjHUjNtEDudZfuDQUoWXVxKHhlEGSk81n4YFS+r/Kl99wXiwlVXtPBtJenozv2P+hxDsw9eA7Xo6g==",
      "dev": true,
      "requires": {
        "loose-envify": "^1.1.0",
        "scheduler": "^0.23.0"
      }
    },
    "react-is": {
      "version": "18.2.0",
      "resolved": "https://registry.npmjs.org/react-is/-/react-is-18.2.0.tgz",
      "integrity": "sha512-xWGDIW6x921xtzPkhiULtthJHoJvBbF3q26fzloPCK0hsvxtPVelvftw3zjbHWSkR2km9Z+4uxbDDK/6Zw9B8w==",
      "dev": true
    },
    "react-transition-group": {
      "version": "4.4.5",
      "resolved": "https://registry.npmjs.org/react-transition-group/-/react-transition-group-4.4.5.tgz",
      "integrity": "sha512-pZcd1MCJoiKiBR2NRxeCRg13uCXbydPnmB4EOeRrY7480qNWO8IIgQG6zlDkm6uRMsURXPuKq0GWtiM59a5Q6g==",
      "dev": true,
      "requires": {
        "@babel/runtime": "^7.5.5",
        "dom-helpers": "^5.0.1",
        "loose-envify": "^1.4.0",
        "prop-types": "^15.6.2"
      }
    },
    "regenerator-runtime": {
      "version": "0.14.0",
      "resolved": "https://registry.npmjs.org/regenerator-runtime/-/regenerator-runtime-0.14.0.tgz",
      "integrity": "sha512-srw17NI0TUWHuGa5CFGGmhfNIeja30WMBfbslPNhf6JrqQlLN5gcrvig1oqPxiVaXb0oW0XRKtH6Nngs5lKCIA==",
      "dev": true
    },
    "scheduler": {
      "version": "0.23.0",
      "resolved": "https://registry.npmjs.org/scheduler/-/scheduler-0.23.0.tgz",
      "integrity": "sha512-CtuThmgHNg7zIZWAXi3AsyIzA3n4xx7aNyjwC2VJldO2LMVDhFK+63xGqq6CsJH4rTAt6/M+N4GhZiDYPx9eUw==",
      "dev": true,
      "requires": {
        "loose-envify": "^1.1.0"
      }
    },
    "stylis": {
      "version": "4.2.0",
      "resolved": "https://registry.npmjs.org/stylis/-/stylis-4.2.0.tgz",
      "integrity": "sha512-Orov6g6BB1sDfYgzWfTHDOxamtX1bE/zo104Dh9e6fqJ3PooipYyfJ0pUmrZO2wAvO8YbEyeFrkV91XTsGMSrw==",
      "dev": true
    }
  }
}
